
Microsoft Visual Studio Solution File, Format Version 12.00
# Visual Studio Version 17
VisualStudioVersion = 17.8.34316.72
MinimumVisualStudioVersion = 10.0.40219.1
Project("{9A19103F-16F7-4668-BE54-9A1E7A4F7556}") = "VehicleAPI", "VehicleAPI\VehicleAPI.csproj", "{7BD93363-9B01-45A7-A5DF-0E70FD8E2DCB}"
EndProject
Global
	GlobalSection(SolutionConfigurationPlatforms) = preSolution
		Debug|Any CPU = Debug|Any CPU
		Release|Any CPU = Release|Any CPU
	EndGlobalSection
	GlobalSection(ProjectConfigurationPlatforms) = postSolution
		{7BD93363-9B01-45A7-A5DF-0E70FD8E2DCB}.Debug|Any CPU.ActiveCfg = Debug|Any CPU
		{7BD93363-9B01-45A7-A5DF-0E70FD8E2DCB}.Debug|Any CPU.Build.0 = Debug|Any CPU
		{7BD93363-9B01-45A7-A5DF-0E70FD8E2DCB}.Release|Any CPU.ActiveCfg = Release|Any CPU
		{7BD93363-9B01-45A7-A5DF-0E70FD8E2DCB}.Release|Any CPU.Build.0 = Release|Any CPU
	EndGlobalSection
	GlobalSection(SolutionProperties) = preSolution
		HideSolutionNode = FALSE
	EndGlobalSection
	GlobalSection(ExtensibilityGlobals) = postSolution
		SolutionGuid = {3792739B-7DF9-4CD4-B556-4463EF04D616}
	EndGlobalSection
EndGlobal
